
Microsoft Visual Studio Solution File, Format Version 12.00
# Visual Studio 15
VisualStudioVersion = 15.0.28307.421
MinimumVisualStudioVersion = 10.0.40219.1
Project("{FAE04EC0-301F-11D3-BF4B-00C04F79EFBC}") = "CjcuUniversity", "CjcuUniversity\CjcuUniversity.csproj", "{B54136F2-E4F9-4287-8870-882730D85D95}"
EndProject
Global
	GlobalSection(SolutionConfigurationPlatforms) = preSolution
		Debug|Any CPU = Debug|Any CPU
		Release|Any CPU = Release|Any CPU
	EndGlobalSection
	GlobalSection(ProjectConfigurationPlatforms) = postSolution
		{B54136F2-E4F9-4287-8870-882730D85D95}.Debug|Any CPU.ActiveCfg = Debug|Any CPU
		{B54136F2-E4F9-4287-8870-882730D85D95}.Debug|Any CPU.Build.0 = Debug|Any CPU
		{B54136F2-E4F9-4287-8870-882730D85D95}.Release|Any CPU.ActiveCfg = Release|Any CPU
		{B54136F2-E4F9-4287-8870-882730D85D95}.Release|Any CPU.Build.0 = Release|Any CPU
	EndGlobalSection
	GlobalSection(SolutionProperties) = preSolution
		HideSolutionNode = FALSE
	EndGlobalSection
	GlobalSection(ExtensibilityGlobals) = postSolution
		SolutionGuid = {7A39D527-52AC-4FA0-AE23-58BD112D177D}
	EndGlobalSection
EndGlobal
